{
  "name": "upnext-workspace",
  "version": "0.0.0",
  "lockfileVersion": 3,
  "requires": true,
  "packages": {
    "": {
      "name": "upnext-workspace",
      "version": "0.0.0",
      "license": "Apache-2.0",
      "workspaces": [
        "packages/*"
      ],
      "devDependencies": {
        "@types/node": "^22.10.0",
        "typescript": "^5.7.2"
      },
      "engines": {
        "node": ">=20"
      }
    },
    "node_modules/@types/node": {
      "version": "22.20.1",
      "resolved": "https://registry.npmjs.org/@types/node/-/node-22.20.1.tgz",
      "integrity": "sha512-EANqOCF9QFyra+4pfxUcX9STKJpCLjMbObVzljIJomAWSnuSIEAvyzEU53GaajbXJEgdh0iEcPL+DGvpUd4k1Q==",
      "dev": true,
      "license": "MIT",
      "dependencies": {
        "undici-types": "~6.21.0"
      }
    },
    "node_modules/typescript": {
      "version": "5.9.3",
      "resolved": "https://registry.npmjs.org/typescript/-/typescript-5.9.3.tgz",
      "integrity": "sha512-jl1vZzPDinLr9eUt3J/t7V6FgNEw9QjvBPdysz9KfQDD41fQrC2Y4vKQdiaUpFT4bXlb1RHhLpp8wtm6M5TgSw==",
      "dev": true,
      "license": "Apache-2.0",
      "bin": {
        "tsc": "bin/tsc",
        "tsserver": "bin/tsserver"
      },
      "engines": {
        "node": ">=14.17"
      }
    },
    "node_modules/undici-types": {
      "version": "6.21.0",
      "resolved": "https://registry.npmjs.org/undici-types/-/undici-types-6.21.0.tgz",
      "integrity": "sha512-iwDZqg0QAGrg9Rav5H4n0M64c3mkR59cJ6wQp+7C4nI0gsmExaedaYLNO44eT4AtBBwjbTiGPMlt2Md0T9H9JQ==",
      "dev": true,
      "license": "MIT"
    },
    "node_modules/upnext-adapter-local": {
      "resolved": "packages/adapter-local",
      "link": true
    },
    "node_modules/upnext-adapter-process": {
      "resolved": "packages/adapter-process",
      "link": true
    },
    "node_modules/upnext-core": {
      "resolved": "packages/core",
      "link": true
    },
    "node_modules/upnext-demo": {
      "resolved": "packages/demo",
      "link": true
    },
    "packages/adapter-local": {
      "name": "upnext-adapter-local",
      "version": "0.0.2",
      "license": "Apache-2.0",
      "dependencies": {
        "upnext-core": "0.0.2"
      }
    },
    "packages/adapter-process": {
      "name": "upnext-adapter-process",
      "version": "0.0.2",
      "license": "Apache-2.0",
      "dependencies": {
        "upnext-core": "0.0.2"
      }
    },
    "packages/core": {
      "name": "upnext-core",
      "version": "0.0.2",
      "license": "Apache-2.0"
    },
    "packages/demo": {
      "name": "upnext-demo",
      "version": "0.0.2",
      "license": "Apache-2.0",
      "dependencies": {
        "upnext-adapter-local": "0.0.2",
        "upnext-core": "0.0.2"
      }
    }
  }
}
