{
  "name": "upnext-workspace",
  "version": "0.0.0",
  "lockfileVersion": 3,
  "requires": true,
  "packages": {
    "": {
      "name": "upnext-workspace",
      "version": "0.0.0",
      "license": "Apache-2.0",
      "workspaces": [
        "packages/*"
      ],
      "devDependencies": {
        "@types/node": "^26.2.0",
        "typescript": "^5.7.2"
      },
      "engines": {
        "node": ">=20"
      }
    },
    "node_modules/@types/node": {
      "version": "26.2.0",
      "resolved": "https://registry.npmjs.org/@types/node/-/node-26.2.0.tgz",
      "integrity": "sha512-5IviulTZeRNp2vAJ514cc/HUlY5nZ9fCbq9DMyC52BrhFZACo3nI0R7qBxhQmo/d27NFe96ur/b7Wwxklda+kg==",
      "dev": true,
      "license": "MIT",
      "dependencies": {
        "undici-types": "~8.3.0"
      }
    },
    "node_modules/typescript": {
      "version": "5.9.3",
      "resolved": "https://registry.npmjs.org/typescript/-/typescript-5.9.3.tgz",
      "integrity": "sha512-jl1vZzPDinLr9eUt3J/t7V6FgNEw9QjvBPdysz9KfQDD41fQrC2Y4vKQdiaUpFT4bXlb1RHhLpp8wtm6M5TgSw==",
      "dev": true,
      "license": "Apache-2.0",
      "bin": {
        "tsc": "bin/tsc",
        "tsserver": "bin/tsserver"
      },
      "engines": {
        "node": ">=14.17"
      }
    },
    "node_modules/undici-types": {
      "version": "8.3.0",
      "resolved": "https://registry.npmjs.org/undici-types/-/undici-types-8.3.0.tgz",
      "integrity": "sha512-j375ScV60dom+YkPFIfTLcOiPxkN/buHz5GobjLhixFuANaNs3C9l4GmrWqejgXWJ7BbJcFYpTEUkS1Ge8bpZQ==",
      "dev": true,
      "license": "MIT"
    },
    "node_modules/upnext-adapter-browser": {
      "resolved": "packages/adapter-browser",
      "link": true
    },
    "node_modules/upnext-adapter-local": {
      "resolved": "packages/adapter-local",
      "link": true
    },
    "node_modules/upnext-adapter-nowplaying": {
      "resolved": "packages/adapter-nowplaying",
      "link": true
    },
    "node_modules/upnext-adapter-process": {
      "resolved": "packages/adapter-process",
      "link": true
    },
    "node_modules/upnext-adapter-spotify": {
      "resolved": "packages/adapter-spotify",
      "link": true
    },
    "node_modules/upnext-core": {
      "resolved": "packages/core",
      "link": true
    },
    "node_modules/upnext-demo": {
      "resolved": "packages/demo",
      "link": true
    },
    "packages/adapter-browser": {
      "name": "upnext-adapter-browser",
      "version": "0.1.0",
      "license": "Apache-2.0",
      "dependencies": {
        "upnext-core": "0.1.0"
      },
      "engines": {
        "node": ">=20"
      }
    },
    "packages/adapter-local": {
      "name": "upnext-adapter-local",
      "version": "0.1.0",
      "license": "Apache-2.0",
      "dependencies": {
        "upnext-core": "0.1.0"
      }
    },
    "packages/adapter-nowplaying": {
      "name": "upnext-adapter-nowplaying",
      "version": "0.1.0",
      "license": "Apache-2.0",
      "os": [
        "darwin"
      ],
      "dependencies": {
        "upnext-core": "0.1.0"
      },
      "engines": {
        "node": ">=20"
      }
    },
    "packages/adapter-process": {
      "name": "upnext-adapter-process",
      "version": "0.1.0",
      "license": "Apache-2.0",
      "dependencies": {
        "upnext-core": "0.1.0"
      }
    },
    "packages/adapter-spotify": {
      "name": "upnext-adapter-spotify",
      "version": "0.1.0",
      "license": "Apache-2.0",
      "dependencies": {
        "upnext-core": "0.1.0"
      },
      "devDependencies": {
        "upnext-adapter-local": "0.1.0"
      },
      "engines": {
        "node": ">=20"
      }
    },
    "packages/core": {
      "name": "upnext-core",
      "version": "0.1.0",
      "license": "Apache-2.0"
    },
    "packages/demo": {
      "name": "upnext-demo",
      "version": "0.1.0",
      "license": "Apache-2.0",
      "dependencies": {
        "upnext-adapter-local": "0.1.0",
        "upnext-core": "0.1.0"
      }
    }
  }
}
